Microsoft Visual Studio Solution File, Format Version 12.00
# Visual Studio Version 17
VisualStudioVersion = 17.5.2.0
MinimumVisualStudioVersion = 10.0.40219.1
Project("{FAE04EC0-301F-11D3-BF4B-00C04F79EFBC}") = "Crudample", "Crudample\Crudample.csproj", "{5BF14F82-3B88-4B08-1516-F47520A7BF77}"
EndProject
Project("{FAE04EC0-301F-11D3-BF4B-00C04F79EFBC}") = "LoginSample", "LoginSample\LoginSample.csproj", "{B4A3A1FF-D9B1-4AFE-0B16-C2A39E11CA1D}"
EndProject
Project("{2150E333-8FDC-42A3-9474-1A3956D46DE8}") = "Prelim", "Prelim", "{5476967E-F6B7-05B3-464D-89DA68D25C17}"
EndProject
Project("{2150E333-8FDC-42A3-9474-1A3956D46DE8}") = "Midterm", "Midterm", "{CE8C2CCA-B7DE-0C14-AD7C-93279552BB2A}"
EndProject
Project("{FAE04EC0-301F-11D3-BF4B-00C04F79EFBC}") = "BlazorApp3", "Prelim\BlazorApp3\BlazorApp3.csproj", "{C48F8B42-D7EE-535E-8931-938F3A5A7524}"
EndProject
Project("{FAE04EC0-301F-11D3-BF4B-00C04F79EFBC}") = "BlazorApp2", "Prelim\BlazorApp2\BlazorApp2.csproj", "{C01A20CD-4E29-06D1-35FC-ECEB01B80ED0}"
EndProject
Project("{FAE04EC0-301F-11D3-BF4B-00C04F79EFBC}") = "BlazorApp", "Prelim\BlazorApp\BlazorApp.csproj", "{DDBD6A82-6B7D-0B03-A768-17A11278205D}"
EndProject
Project("{FAE04EC0-301F-11D3-BF4B-00C04F79EFBC}") = "ConsoleApp", "Prelim\ConsoleApp\ConsoleApp.csproj", "{CCB3648F-761F-44AC-C9C4-D17904244C8A}"
EndProject
Project("{FAE04EC0-301F-11D3-BF4B-00C04F79EFBC}") = "BlazorApp1", "Prelim\BlazorApp1\BlazorApp1.csproj", "{2E09BA73-AFD6-3BC1-5C00-047B6212F105}"
EndProject
Project("{FAE04EC0-301F-11D3-BF4B-00C04F79EFBC}") = "OOPConsole2", "Midterm\OOPConsole2\OOPConsole2.csproj", "{1FD22C43-7B44-F05D-8045-26A3A8CA9322}"
EndProject
Project("{FAE04EC0-301F-11D3-BF4B-00C04F79EFBC}") = "OOPConsole3", "Midterm\OOPConsole3\OOPConsole3.csproj", "{2DD1BA4C-A3F4-2145-AB71-764B72FD522F}"
EndProject
Project("{FAE04EC0-301F-11D3-BF4B-00C04F79EFBC}") = "OOPConsole", "Midterm\OOPConsole\OOPConsole.csproj", "{8D386D10-D5FE-EA9E-ADA0-268BF46B237C}"
EndProject
Global
	GlobalSection(SolutionConfigurationPlatforms) = preSolution
		Debug|Any CPU = Debug|Any CPU
		Release|Any CPU = Release|Any CPU
	EndGlobalSection
	GlobalSection(ProjectConfigurationPlatforms) = postSolution
		{5BF14F82-3B88-4B08-1516-F47520A7BF77}.Debug|Any CPU.ActiveCfg = Debug|Any CPU
		{5BF14F82-3B88-4B08-1516-F47520A7BF77}.Debug|Any CPU.Build.0 = Debug|Any CPU
		{5BF14F82-3B88-4B08-1516-F47520A7BF77}.Release|Any CPU.ActiveCfg = Release|Any CPU
		{5BF14F82-3B88-4B08-1516-F47520A7BF77}.Release|Any CPU.Build.0 = Release|Any CPU
		{B4A3A1FF-D9B1-4AFE-0B16-C2A39E11CA1D}.Debug|Any CPU.ActiveCfg = Debug|Any CPU
		{B4A3A1FF-D9B1-4AFE-0B16-C2A39E11CA1D}.Debug|Any CPU.Build.0 = Debug|Any CPU
		{B4A3A1FF-D9B1-4AFE-0B16-C2A39E11CA1D}.Release|Any CPU.ActiveCfg = Release|Any CPU
		{B4A3A1FF-D9B1-4AFE-0B16-C2A39E11CA1D}.Release|Any CPU.Build.0 = Release|Any CPU
		{C48F8B42-D7EE-535E-8931-938F3A5A7524}.Debug|Any CPU.ActiveCfg = Debug|Any CPU
		{C48F8B42-D7EE-535E-8931-938F3A5A7524}.Debug|Any CPU.Build.0 = Debug|Any CPU
		{C48F8B42-D7EE-535E-8931-938F3A5A7524}.Release|Any CPU.ActiveCfg = Release|Any CPU
		{C48F8B42-D7EE-535E-8931-938F3A5A7524}.Release|Any CPU.Build.0 = Release|Any CPU
		{C01A20CD-4E29-06D1-35FC-ECEB01B80ED0}.Debug|Any CPU.ActiveCfg = Debug|Any CPU
		{C01A20CD-4E29-06D1-35FC-ECEB01B80ED0}.Debug|Any CPU.Build.0 = Debug|Any CPU
		{C01A20CD-4E29-06D1-35FC-ECEB01B80ED0}.Release|Any CPU.ActiveCfg = Release|Any CPU
		{C01A20CD-4E29-06D1-35FC-ECEB01B80ED0}.Release|Any CPU.Build.0 = Release|Any CPU
		{DDBD6A82-6B7D-0B03-A768-17A11278205D}.Debug|Any CPU.ActiveCfg = Debug|Any CPU
		{DDBD6A82-6B7D-0B03-A768-17A11278205D}.Debug|Any CPU.Build.0 = Debug|Any CPU
		{DDBD6A82-6B7D-0B03-A768-17A11278205D}.Release|Any CPU.ActiveCfg = Release|Any CPU
		{DDBD6A82-6B7D-0B03-A768-17A11278205D}.Release|Any CPU.Build.0 = Release|Any CPU
		{CCB3648F-761F-44AC-C9C4-D17904244C8A}.Debug|Any CPU.ActiveCfg = Debug|Any CPU
		{CCB3648F-761F-44AC-C9C4-D17904244C8A}.Debug|Any CPU.Build.0 = Debug|Any CPU
		{CCB3648F-761F-44AC-C9C4-D17904244C8A}.Release|Any CPU.ActiveCfg = Release|Any CPU
		{CCB3648F-761F-44AC-C9C4-D17904244C8A}.Release|Any CPU.Build.0 = Release|Any CPU
		{2E09BA73-AFD6-3BC1-5C00-047B6212F105}.Debug|Any CPU.ActiveCfg = Debug|Any CPU
		{2E09BA73-AFD6-3BC1-5C00-047B6212F105}.Debug|Any CPU.Build.0 = Debug|Any CPU
		{2E09BA73-AFD6-3BC1-5C00-047B6212F105}.Release|Any CPU.ActiveCfg = Release|Any CPU
		{2E09BA73-AFD6-3BC1-5C00-047B6212F105}.Release|Any CPU.Build.0 = Release|Any CPU
		{1FD22C43-7B44-F05D-8045-26A3A8CA9322}.Debug|Any CPU.ActiveCfg = Debug|Any CPU
		{1FD22C43-7B44-F05D-8045-26A3A8CA9322}.Debug|Any CPU.Build.0 = Debug|Any CPU
		{1FD22C43-7B44-F05D-8045-26A3A8CA9322}.Release|Any CPU.ActiveCfg = Release|Any CPU
		{1FD22C43-7B44-F05D-8045-26A3A8CA9322}.Release|Any CPU.Build.0 = Release|Any CPU
		{2DD1BA4C-A3F4-2145-AB71-764B72FD522F}.Debug|Any CPU.ActiveCfg = Debug|Any CPU
		{2DD1BA4C-A3F4-2145-AB71-764B72FD522F}.Debug|Any CPU.Build.0 = Debug|Any CPU
		{2DD1BA4C-A3F4-2145-AB71-764B72FD522F}.Release|Any CPU.ActiveCfg = Release|Any CPU
		{2DD1BA4C-A3F4-2145-AB71-764B72FD522F}.Release|Any CPU.Build.0 = Release|Any CPU
		{8D386D10-D5FE-EA9E-ADA0-268BF46B237C}.Debug|Any CPU.ActiveCfg = Debug|Any CPU
		{8D386D10-D5FE-EA9E-ADA0-268BF46B237C}.Debug|Any CPU.Build.0 = Debug|Any CPU
		{8D386D10-D5FE-EA9E-ADA0-268BF46B237C}.Release|Any CPU.ActiveCfg = Release|Any CPU
		{8D386D10-D5FE-EA9E-ADA0-268BF46B237C}.Release|Any CPU.Build.0 = Release|Any CPU
	EndGlobalSection
	GlobalSection(SolutionProperties) = preSolution
		HideSolutionNode = FALSE
	EndGlobalSection
	GlobalSection(NestedProjects) = preSolution
		{C48F8B42-D7EE-535E-8931-938F3A5A7524} = {5476967E-F6B7-05B3-464D-89DA68D25C17}
		{C01A20CD-4E29-06D1-35FC-ECEB01B80ED0} = {5476967E-F6B7-05B3-464D-89DA68D25C17}
		{DDBD6A82-6B7D-0B03-A768-17A11278205D} = {5476967E-F6B7-05B3-464D-89DA68D25C17}
		{CCB3648F-761F-44AC-C9C4-D17904244C8A} = {5476967E-F6B7-05B3-464D-89DA68D25C17}
		{2E09BA73-AFD6-3BC1-5C00-047B6212F105} = {5476967E-F6B7-05B3-464D-89DA68D25C17}
		{1FD22C43-7B44-F05D-8045-26A3A8CA9322} = {CE8C2CCA-B7DE-0C14-AD7C-93279552BB2A}
		{2DD1BA4C-A3F4-2145-AB71-764B72FD522F} = {CE8C2CCA-B7DE-0C14-AD7C-93279552BB2A}
		{8D386D10-D5FE-EA9E-ADA0-268BF46B237C} = {CE8C2CCA-B7DE-0C14-AD7C-93279552BB2A}
	EndGlobalSection
	GlobalSection(ExtensibilityGlobals) = postSolution
		SolutionGuid = {70D7A4A6-A4DA-46F7-A984-B379306819DD}
	EndGlobalSection
EndGlobal
